
Microsoft Visual Studio Solution File, Format Version 12.00
# Visual Studio Version 16
VisualStudioVersion = 16.0.28803.202
MinimumVisualStudioVersion = 10.0.40219.1
Project("{FAE04EC0-301F-11D3-BF4B-00C04F79EFBC}") = "gonzalo_levien_ruiz", "gonzalo_levien_ruiz\gonzalo_levien_ruiz.csproj", "{15419D21-8BF2-4CD0-B957-DB0E9698A325}"
EndProject
Global
	GlobalSection(SolutionConfigurationPlatforms) = preSolution
		Debug|Any CPU = Debug|Any CPU
		Release|Any CPU = Release|Any CPU
	EndGlobalSection
	GlobalSection(ProjectConfigurationPlatforms) = postSolution
		{15419D21-8BF2-4CD0-B957-DB0E9698A325}.Debug|Any CPU.ActiveCfg = Debug|Any CPU
		{15419D21-8BF2-4CD0-B957-DB0E9698A325}.Debug|Any CPU.Build.0 = Debug|Any CPU
		{15419D21-8BF2-4CD0-B957-DB0E9698A325}.Release|Any CPU.ActiveCfg = Release|Any CPU
		{15419D21-8BF2-4CD0-B957-DB0E9698A325}.Release|Any CPU.Build.0 = Release|Any CPU
	EndGlobalSection
	GlobalSection(SolutionProperties) = preSolution
		HideSolutionNode = FALSE
	EndGlobalSection
	GlobalSection(ExtensibilityGlobals) = postSolution
		SolutionGuid = {3EF17A39-B192-4B3A-9962-82FD3561B168}
	EndGlobalSection
EndGlobal
